
Microsoft Visual Studio Solution File, Format Version 12.00
# Visual Studio Version 17
VisualStudioVersion = 17.9.34701.34
MinimumVisualStudioVersion = 10.0.40219.1
Project("{9A19103F-16F7-4668-BE54-9A1E7A4F7556}") = "WebConsoleApp1", "ConsoleApp1\WebConsoleApp1.csproj", "{04356A05-824F-4862-8BA3-C2F738F4E4ED}"
EndProject
Project("{9A19103F-16F7-4668-BE54-9A1E7A4F7556}") = "WebApplication1", "WebApplication1\WebApplication1.csproj", "{0AE1B249-D53C-442B-9D6A-904B11815E5B}"
EndProject
Global
	GlobalSection(SolutionConfigurationPlatforms) = preSolution
		Debug|Any CPU = Debug|Any CPU
		Release|Any CPU = Release|Any CPU
	EndGlobalSection
	GlobalSection(ProjectConfigurationPlatforms) = postSolution
		{04356A05-824F-4862-8BA3-C2F738F4E4ED}.Debug|Any CPU.ActiveCfg = Debug|Any CPU
		{04356A05-824F-4862-8BA3-C2F738F4E4ED}.Debug|Any CPU.Build.0 = Debug|Any CPU
		{04356A05-824F-4862-8BA3-C2F738F4E4ED}.Release|Any CPU.ActiveCfg = Release|Any CPU
		{04356A05-824F-4862-8BA3-C2F738F4E4ED}.Release|Any CPU.Build.0 = Release|Any CPU
		{0AE1B249-D53C-442B-9D6A-904B11815E5B}.Debug|Any CPU.ActiveCfg = Debug|Any CPU
		{0AE1B249-D53C-442B-9D6A-904B11815E5B}.Debug|Any CPU.Build.0 = Debug|Any CPU
		{0AE1B249-D53C-442B-9D6A-904B11815E5B}.Release|Any CPU.ActiveCfg = Release|Any CPU
		{0AE1B249-D53C-442B-9D6A-904B11815E5B}.Release|Any CPU.Build.0 = Release|Any CPU
	EndGlobalSection
	GlobalSection(SolutionProperties) = preSolution
		HideSolutionNode = FALSE
	EndGlobalSection
	GlobalSection(ExtensibilityGlobals) = postSolution
		SolutionGuid = {5CF9EFFC-3B56-4CB0-AB64-8E6C3E0609D7}
	EndGlobalSection
EndGlobal
